
Microsoft Visual Studio Solution File, Format Version 12.00
# Visual Studio Version 17
VisualStudioVersion = 17.2.32519.379
MinimumVisualStudioVersion = 10.0.40219.1
Project("{FAE04EC0-301F-11D3-BF4B-00C04F79EFBC}") = "pryMatiasTp3", "pryMatiasTp3\pryMatiasTp3.csproj", "{8C789155-19DF-4D42-A1CA-3075C3869AA8}"
EndProject
Global
	GlobalSection(SolutionConfigurationPlatforms) = preSolution
		Debug|Any CPU = Debug|Any CPU
		Release|Any CPU = Release|Any CPU
	EndGlobalSection
	GlobalSection(ProjectConfigurationPlatforms) = postSolution
		{8C789155-19DF-4D42-A1CA-3075C3869AA8}.Debug|Any CPU.ActiveCfg = Debug|Any CPU
		{8C789155-19DF-4D42-A1CA-3075C3869AA8}.Debug|Any CPU.Build.0 = Debug|Any CPU
		{8C789155-19DF-4D42-A1CA-3075C3869AA8}.Release|Any CPU.ActiveCfg = Release|Any CPU
		{8C789155-19DF-4D42-A1CA-3075C3869AA8}.Release|Any CPU.Build.0 = Release|Any CPU
	EndGlobalSection
	GlobalSection(SolutionProperties) = preSolution
		HideSolutionNode = FALSE
	EndGlobalSection
	GlobalSection(ExtensibilityGlobals) = postSolution
		SolutionGuid = {6C0A13DF-85E2-4F14-B67E-00F4539B0EAD}
	EndGlobalSection
EndGlobal
